# This file is generated by running "yarn install" inside your project.
# Manual changes might be lost - proceed with caution!

__metadata:
  version: 8
  cacheKey: 10c0

"@workspace/package-a@workspace:*, @workspace/package-a@workspace:packages/package-a":
  version: 0.0.0-use.local
  resolution: "@workspace/package-a@workspace:packages/package-a"
  dependencies:
    chalk: "npm:^5.3.0"
    debug: "https://github.com/debug-js/debug/tarball/4.4.0"
    lodash: "https://github.com/lodash/lodash.git#semver:4.17.23"
    lodash-es: "npm:^4.17.21"
    ms: "npm:^2.1.3"
  languageName: unknown
  linkType: soft

"@workspace/package-b@workspace:packages/package-b":
  version: 0.0.0-use.local
  resolution: "@workspace/package-b@workspace:packages/package-b"
  dependencies:
    "@workspace/package-a": "workspace:*"
    minimist: "npm:^1.2.8"
    sprintf-js: "npm:^1.1.3"
  languageName: unknown
  linkType: soft

"chalk@npm:^5.3.0":
  version: 5.6.2
  resolution: "chalk@npm:5.6.2"
  checksum: 10c0/99a4b0f0e7991796b1e7e3f52dceb9137cae2a9dfc8fc0784a550dc4c558e15ab32ed70b14b21b52beb2679b4892b41a0aa44249bcb996f01e125d58477c6976
  languageName: node
  linkType: hard

"debug@https://github.com/debug-js/debug/tarball/4.4.0":
  version: 4.4.0
  resolution: "debug@https://github.com/debug-js/debug.git#commit=975b1254413715102eb912f978e32c9a91d10e3a"
  dependencies:
    ms: "npm:^2.1.3"
  peerDependenciesMeta:
    supports-color:
      optional: true
  checksum: 10c0/2888b42ff2691998fc3fea3d15cb2e16df41af0b623305eb99e319f52135ef3043cca1cdbe651f7382e2eea629e4c7a5d9824f6fe3b1fcc2be0f684fa7fca19c
  languageName: node
  linkType: hard

"lodash-es@npm:^4.17.21":
  version: 4.17.23
  resolution: "lodash-es@npm:4.17.23"
  checksum: 10c0/3150fb6660c14c7a6b5f23bd11597d884b140c0e862a17fdb415aaa5ef7741523182904a6b7929f04e5f60a11edb5a79499eb448734381c99ffb3c4734beeddd
  languageName: node
  linkType: hard

"lodash@https://github.com/lodash/lodash.git#semver:4.17.23":
  version: 4.17.23
  resolution: "lodash@https://github.com/lodash/lodash.git#commit=fd6aaf9433b9bc56452ffc9469e4c6f5793deb2b"
  checksum: 10c0/f2ca0efbe7e4013b1f3988ef7259d7136900b92dcc62522e230941967ee88f9e4ca3a3db4065f3143eaa17cdbc85bb576efd77ece86aebc3b0c0ea27a7c4e01c
  languageName: node
  linkType: hard

"minimist@npm:^1.2.8":
  version: 1.2.8
  resolution: "minimist@npm:1.2.8"
  checksum: 10c0/19d3fcdca050087b84c2029841a093691a91259a47def2f18222f41e7645a0b7c44ef4b40e88a1e58a40c84d2ef0ee6047c55594d298146d0eb3f6b737c20ce6
  languageName: node
  linkType: hard

"ms@npm:^2.1.3":
  version: 2.1.3
  resolution: "ms@npm:2.1.3"
  checksum: 10c0/d924b57e7312b3b63ad21fc5b3dc0af5e78d61a1fc7cfb5457edaf26326bf62be5307cc87ffb6862ef1c2b33b0233cdb5d4f01c4c958cc0d660948b65a287a48
  languageName: node
  linkType: hard

"sprintf-js@npm:^1.1.3":
  version: 1.1.3
  resolution: "sprintf-js@npm:1.1.3"
  checksum: 10c0/09270dc4f30d479e666aee820eacd9e464215cdff53848b443964202bf4051490538e5dd1b42e1a65cf7296916ca17640aebf63dae9812749c7542ee5f288dec
  languageName: node
  linkType: hard

"typescript@npm:^5.7.3":
  version: 5.9.3
  resolution: "typescript@npm:5.9.3"
  bin:
    tsc: bin/tsc
    tsserver: bin/tsserver
  checksum: 10c0/6bd7552ce39f97e711db5aa048f6f9995b53f1c52f7d8667c1abdc1700c68a76a308f579cd309ce6b53646deb4e9a1be7c813a93baaf0a28ccd536a30270e1c5
  languageName: node
  linkType: hard

"typescript@patch:typescript@npm%3A^5.7.3#optional!builtin<compat/typescript>":
  version: 5.9.3
  resolution: "typescript@patch:typescript@npm%3A5.9.3#optional!builtin<compat/typescript>::version=5.9.3&hash=5786d5"
  bin:
    tsc: bin/tsc
    tsserver: bin/tsserver
  checksum: 10c0/ad09fdf7a756814dce65bc60c1657b40d44451346858eea230e10f2e95a289d9183b6e32e5c11e95acc0ccc214b4f36289dcad4bf1886b0adb84d711d336a430
  languageName: node
  linkType: hard

"yarn-4-workspaces@workspace:.":
  version: 0.0.0-use.local
  resolution: "yarn-4-workspaces@workspace:."
  dependencies:
    typescript: "npm:^5.7.3"
  languageName: unknown
  linkType: soft
