{
  "name": "an-test-lib",
  "version": "1.0.0",
  "lockfileVersion": 2,
  "requires": true,
  "packages": {
    "": {
      "name": "an-test-lib",
      "version": "1.0.0",
      "license": "MIT",
      "dependencies": {
        "find-versions": "4.0.0",
        "semver-regex": "^4.0.0"
      }
    },
    "node_modules/find-versions": {
      "version": "4.0.0",
      "resolved": "https://registry.npmjs.org/find-versions/-/find-versions-4.0.0.tgz",
      "integrity": "sha512-wgpWy002tA+wgmO27buH/9KzyEOQnKsG/R0yrcjPT9BOFm0zRBVQbZ95nRGXWMywS8YR5knRbpohio0bcJABxQ==",
      "dependencies": {
        "semver-regex": "^3.1.2"
      },
      "engines": {
        "node": ">=10"
      },
      "funding": {
        "url": "https://github.com/sponsors/sindresorhus"
      }
    },
    "node_modules/find-versions/node_modules/semver-regex": {
      "version": "3.1.4",
      "resolved": "https://registry.npmjs.org/semver-regex/-/semver-regex-3.1.4.tgz",
      "integrity": "sha512-6IiqeZNgq01qGf0TId0t3NvKzSvUsjcpdEO3AQNeIjR6A2+ckTnQlDpl4qu1bjRv0RzN3FP9hzFmws3lKqRWkA==",
      "engines": {
        "node": ">=8"
      },
      "funding": {
        "url": "https://github.com/sponsors/sindresorhus"
      }
    },
    "node_modules/semver-regex": {
      "version": "4.0.5",
      "resolved": "https://registry.npmjs.org/semver-regex/-/semver-regex-4.0.5.tgz",
      "integrity": "sha512-hunMQrEy1T6Jr2uEVjrAIqjwWcQTgOAcIM52C8MY1EZSD3DDNft04XzvYKPqjED65bNVVko0YI38nYeEHCX3yw==",
      "engines": {
        "node": ">=12"
      },
      "funding": {
        "url": "https://github.com/sponsors/sindresorhus"
      }
    }
  },
  "dependencies": {
    "find-versions": {
      "version": "4.0.0",
      "resolved": "https://registry.npmjs.org/find-versions/-/find-versions-4.0.0.tgz",
      "integrity": "sha512-wgpWy002tA+wgmO27buH/9KzyEOQnKsG/R0yrcjPT9BOFm0zRBVQbZ95nRGXWMywS8YR5knRbpohio0bcJABxQ==",
      "requires": {
        "semver-regex": "^3.1.2"
      },
      "dependencies": {
        "semver-regex": {
          "version": "3.1.4",
          "resolved": "https://registry.npmjs.org/semver-regex/-/semver-regex-3.1.4.tgz",
          "integrity": "sha512-6IiqeZNgq01qGf0TId0t3NvKzSvUsjcpdEO3AQNeIjR6A2+ckTnQlDpl4qu1bjRv0RzN3FP9hzFmws3lKqRWkA=="
        }
      }
    },
    "semver-regex": {
      "version": "4.0.5",
      "resolved": "https://registry.npmjs.org/semver-regex/-/semver-regex-4.0.5.tgz",
      "integrity": "sha512-hunMQrEy1T6Jr2uEVjrAIqjwWcQTgOAcIM52C8MY1EZSD3DDNft04XzvYKPqjED65bNVVko0YI38nYeEHCX3yw=="
    }
  }
}
