[root]
name = "pippin"
version = "0.0.0"
dependencies = [
 "browserhtml 0.1.17 (git+https://github.com/browserhtml/browserhtml?branch=crate)",
 "byteorder 0.4.2 (registry+https://github.com/rust-lang/crates.io-index)",
 "chrono 0.2.17 (registry+https://github.com/rust-lang/crates.io-index)",
 "docopt 0.6.78 (registry+https://github.com/rust-lang/crates.io-index)",
 "hashindexed 0.1.0 (registry+https://github.com/rust-lang/crates.io-index)",
 "local_crate 0.0.1",
 "rand 0.3.12 (registry+https://github.com/rust-lang/crates.io-index)",
 "regex 0.1.44 (registry+https://github.com/rust-lang/crates.io-index)",
 "rust-crypto 0.2.34 (registry+https://github.com/rust-lang/crates.io-index)",
 "rustc-serialize 0.3.16 (registry+https://github.com/rust-lang/crates.io-index)",
 "vec_map 0.4.0 (registry+https://github.com/rust-lang/crates.io-index)",
 "walkdir 0.1.5 (registry+https://github.com/rust-lang/crates.io-index)",
]

[[package]]
name = "advapi32-sys"
version = "0.1.2"
source = "registry+https://github.com/rust-lang/crates.io-index"
dependencies = [
 "winapi 0.2.5 (registry+https://github.com/rust-lang/crates.io-index)",
 "winapi-build 0.1.1 (registry+https://github.com/rust-lang/crates.io-index)",
]

[[package]]
name = "aho-corasick"
version = "0.4.0"
source = "registry+https://github.com/rust-lang/crates.io-index"
dependencies = [
 "memchr 0.1.7 (registry+https://github.com/rust-lang/crates.io-index)",
]

[[package]]
name = "browserhtml"
version = "0.1.17"
source = "git+https://github.com/browserhtml/browserhtml?branch=crate#aafbb0996b02d1fadd4713c96e3d22b542f175a1"

[[package]]
name = "byteorder"
version = "0.4.2"
source = "registry+https://github.com/rust-lang/crates.io-index"

[[package]]
name = "chrono"
version = "0.2.17"
source = "registry+https://github.com/rust-lang/crates.io-index"
dependencies = [
 "num 0.1.29 (registry+https://github.com/rust-lang/crates.io-index)",
 "time 0.1.34 (registry+https://github.com/rust-lang/crates.io-index)",
]

[[package]]
name = "docopt"
version = "0.6.78"
source = "registry+https://github.com/rust-lang/crates.io-index"
dependencies = [
 "regex 0.1.44 (registry+https://github.com/rust-lang/crates.io-index)",
 "rustc-serialize 0.3.16 (registry+https://github.com/rust-lang/crates.io-index)",
 "strsim 0.3.0 (registry+https://github.com/rust-lang/crates.io-index)",
]

[[package]]
name = "gcc"
version = "0.3.21"
source = "registry+https://github.com/rust-lang/crates.io-index"
dependencies = [
 "advapi32-sys 0.1.2 (registry+https://github.com/rust-lang/crates.io-index)",
 "winapi 0.2.5 (registry+https://github.com/rust-lang/crates.io-index)",
]

[[package]]
name = "hashindexed"
version = "0.1.0"
source = "registry+https://github.com/rust-lang/crates.io-index"

[[package]]
name = "kernel32-sys"
version = "0.2.1"
source = "registry+https://github.com/rust-lang/crates.io-index"
dependencies = [
 "winapi 0.2.5 (registry+https://github.com/rust-lang/crates.io-index)",
 "winapi-build 0.1.1 (registry+https://github.com/rust-lang/crates.io-index)",
]

[[package]]
name = "libc"
version = "0.1.12"
source = "registry+https://github.com/rust-lang/crates.io-index"

[[package]]
name = "libc"
version = "0.2.4"
source = "registry+https://github.com/rust-lang/crates.io-index"

[[package]]
name = "local_crate"
version = "0.1"