# Generated by pub
# See http://pub.dartlang.org/doc/glossary.html#lockfile
packages:
  analyzer:
    description: analyzer
    source: hosted
    version: "0.24.6"
  args:
    description: args
    source: hosted
    version: "0.12.2+6"
  barback:
    description: barback
    source: hosted
    version: "0.15.2+7"
  which:
    description: which
    source: hosted
    version: "0.1.3"
sdk: ">=1.13.0 <2.0.0"
