---
http_interactions:
- request:
    method: post
    uri: https://yarn-parser.libraries.io/parse
    body:
      encoding: UTF-8
      string: |
        # This file is generated by running "yarn install" inside your project.
        # Manual changes might be lost - proceed with caution!

        __metadata:
          version: 8
          cacheKey: 10c0

        "js-tokens@npm:^3.0.0 || ^4.0.0":
          version: 4.0.0
          resolution: "js-tokens@npm:4.0.0"
          checksum: 10c0/e248708d377aa058eacf2037b07ded847790e6de892bbad3dac0abba2e759cb9f121b00099a65195616badcb6eca8d14d975cb3e89eb1cfda644756402c8aeed
          languageName: node
          linkType: hard

        "left-pad@npm:^1.3.0":
          version: 1.3.0
          resolution: "left-pad@npm:1.3.0"
          checksum: 10c0/3fb59c76e281a2f5c810ad71dbbb8eba8b10c6cf94733dc7f27b8c516a5376cacea53543e76f6ae477d866c8954b27f1e15ca349424c2542474eb5bb1d2b6955
          languageName: node
          linkType: hard

        "loose-envify@npm:^1.1.0":
          version: 1.4.0
          resolution: "loose-envify@npm:1.4.0"
          dependencies:
            js-tokens: "npm:^3.0.0 || ^4.0.0"
          bin:
            loose-envify: cli.js
          checksum: 10c0/655d110220983c1a4b9c0c679a2e8016d4b67f6e9c7b5435ff5979ecdb20d0813f4dec0a08674fcbdd4846a3f07edbb50a36811fd37930b94aaa0d9daceb017e
          languageName: node
          linkType: hard

        "react@npm:^18.3.1":
          version: 18.3.1
          resolution: "react@npm:18.3.1"
          dependencies:
            loose-envify: "npm:^1.1.0"
          checksum: 10c0/283e8c5efcf37802c9d1ce767f302dd569dd97a70d9bb8c7be79a789b9902451e0d16334b05d73299b20f048cbc3c7d288bbbde10b701fa194e2089c237dbea3
          languageName: node
          linkType: hard

        "yarn-lock@workspace:.":
          version: 0.0.0-use.local
          resolution: "yarn-lock@workspace:."
          dependencies:
            left-pad: "npm:^1.3.0"
            react: "npm:^18.3.1"
          languageName: unknown
          linkType: soft
    headers:
      User-Agent:
      - Typhoeus - https://github.com/typhoeus/typhoeus
      Expect:
      - ''
  response:
    status:
      code: 200
      message: ''
    headers:
      Access-Control-Allow-Origin:
      - "*"
      Content-Type:
      - application/json; charset=utf-8
      Content-Length:
      - '421'
      Etag:
      - W/"1a5-EDXxFmsJ+BlbCxU/bYvf/EPilrU"
      Date:
      - Mon, 22 Jul 2024 20:18:18 GMT
      Via:
      - 1.1 google
      Alt-Svc:
      - h3=":443"; ma=2592000,h3-29=":443"; ma=2592000
    body:
      encoding: ASCII-8BIT
      string: '[{"name":"js-tokens","version":"4.0.0","requirement":"^3.0.0 || ^4.0.0","type":"runtime"},{"name":"left-pad","version":"1.3.0","requirement":"^1.3.0","type":"runtime"},{"name":"loose-envify","version":"1.4.0","requirement":"^1.1.0","type":"runtime"},{"name":"react","version":"18.3.1","requirement":"^18.3.1","type":"runtime"},{"name":"yarn-lock","version":"0.0.0-use.local","requirement":"workspace:.","type":"runtime"}]'
  recorded_at: Mon, 22 Jul 2024 20:18:18 GMT
recorded_with: VCR 6.1.0
